// !$*UTF8*$!
{
	archiveVersion = 1;
	classes = {
	};
	objectVersion = 56;
	objects = {

/* Begin PBXBuildFile section */
		BE3994912ADD86D400CDCF9C /* rickAndMortySampleApp.swift in Sources */ = {isa = PBXBuildFile; fileRef = BE3994902ADD86D400CDCF9C /* rickAndMortySampleApp.swift */; };
		BE3994932ADD86D400CDCF9C /* ContentView.swift in Sources */ = {isa = PBXBuildFile; fileRef = BE3994922ADD86D400CDCF9C /* ContentView.swift */; };
		BE3994952ADD86D600CDCF9C /* Assets.xcassets in Resources */ = {isa = PBXBuildFile; fileRef = BE3994942ADD86D600CDCF9C /* Assets.xcassets */; };
		BE3994982ADD86D600CDCF9C /* Preview Assets.xcassets in Resources */ = {isa = PBXBuildFile; fileRef = BE3994972ADD86D600CDCF9C /* Preview Assets.xcassets */; };
		BE3994A52ADD9B9300CDCF9C /* HomeView.swift in Sources */ = {isa = PBXBuildFile; fileRef = BE3994A42ADD9B9300CDCF9C /* HomeView.swift */; };
		BE3994A72ADD9BBF00CDCF9C /* HomeViewModel.swift in Sources */ = {isa = PBXBuildFile; fileRef = BE3994A62ADD9BBF00CDCF9C /* HomeViewModel.swift */; };
		BE3994AA2ADD9C7300CDCF9C /* WebServiceCharacter.swift in Sources */ = {isa = PBXBuildFile; fileRef = BE3994A92ADD9C7300CDCF9C /* WebServiceCharacter.swift */; };
		BE3994AC2ADD9D7A00CDCF9C /* WebServiceLocation.swift in Sources */ = {isa = PBXBuildFile; fileRef = BE3994AB2ADD9D7A00CDCF9C /* WebServiceLocation.swift */; };
		BE3994AE2ADD9EF500CDCF9C /* WebServiceEpisode.swift in Sources */ = {isa = PBXBuildFile; fileRef = BE3994AD2ADD9EF500CDCF9C /* WebServiceEpisode.swift */; };
		BE3994B02ADDAB3B00CDCF9C /* WebServiceCharacterResponse.swift in Sources */ = {isa = PBXBuildFile; fileRef = BE3994AF2ADDAB3B00CDCF9C /* WebServiceCharacterResponse.swift */; };
		BE3994B62ADDD5B600CDCF9C /* Character.swift in Sources */ = {isa = PBXBuildFile; fileRef = BE3994B52ADDD5B600CDCF9C /* Character.swift */; };
		BE3994B92ADDD89600CDCF9C /* WebServiceLocationResponse.swift in Sources */ = {isa = PBXBuildFile; fileRef = BE3994B82ADDD89600CDCF9C /* WebServiceLocationResponse.swift */; };
		BE3994BF2ADDDD9100CDCF9C /* Location.swift in Sources */ = {isa = PBXBuildFile; fileRef = BE3994BE2ADDDD9100CDCF9C /* Location.swift */; };
		BE3994C12ADDDDAA00CDCF9C /* LocationsViewModel.swift in Sources */ = {isa = PBXBuildFile; fileRef = BE3994C02ADDDDAA00CDCF9C /* LocationsViewModel.swift */; };
		BE3994C52ADDDDCF00CDCF9C /* LocationsView.swift in Sources */ = {isa = PBXBuildFile; fileRef = BE3994C42ADDDDCF00CDCF9C /* LocationsView.swift */; };
		BE3994C72ADDE54400CDCF9C /* WebServiceEpisodeResponse.swift in Sources */ = {isa = PBXBuildFile; fileRef = BE3994C62ADDE54400CDCF9C /* WebServiceEpisodeResponse.swift */; };
		BE3994CD2ADDE71500CDCF9C /* MainView.swift in Sources */ = {isa = PBXBuildFile; fileRef = BE3994CC2ADDE71500CDCF9C /* MainView.swift */; };
		BE3994CF2ADDEE2400CDCF9C /* Episode.swift in Sources */ = {isa = PBXBuildFile; fileRef = BE3994CE2ADDEE2400CDCF9C /* Episode.swift */; };
/* End PBXBuildFile section */

/* Begin PBXFileReference section */
		BE39948D2ADD86D400CDCF9C /* rickAndMortySample.app */ = {isa = PBXFileReference; explicitFileType = wrapper.application; includeInIndex = 0; path = rickAndMortySample.app; sourceTree = BUILT_PRODUCTS_DIR; };
		BE3994902ADD86D400CDCF9C /* rickAndMortySampleApp.swift */ = {isa = PBXFileReference; lastKnownFileType = sourcecode.swift; path = rickAndMortySampleApp.swift; sourceTree = "<group>"; };
		BE3994922ADD86D400CDCF9C /* ContentView.swift */ = {isa = PBXFileReference; lastKnownFileType = sourcecode.swift; path = ContentView.swift; sourceTree = "<group>"; };
		BE3994942ADD86D600CDCF9C /* Assets.xcassets */ = {isa = PBXFileReference; lastKnownFileType = folder.assetcatalog; path = Assets.xcassets; sourceTree = "<group>"; };
		BE3994972ADD86D600CDCF9C /* Preview Assets.xcassets */ = {isa = PBXFileReference; lastKnownFileType = folder.assetcatalog; path = "Preview Assets.xcassets"; sourceTree = "<group>"; };
		BE3994A42ADD9B9300CDCF9C /* HomeView.swift */ = {isa = PBXFileReference; lastKnownFileType = sourcecode.swift; path = HomeView.swift; sourceTree = "<group>"; };
		BE3994A62ADD9BBF00CDCF9C /* HomeViewModel.swift */ = {isa = PBXFileReference; lastKnownFileType = sourcecode.swift; path = HomeViewModel.swift; sourceTree = "<group>"; };
		BE3994A92ADD9C7300CDCF9C /* WebServiceCharacter.swift */ = {isa = PBXFileReference; lastKnownFileType = sourcecode.swift; path = WebServiceCharacter.swift; sourceTree = "<group>"; };
		BE3994AB2ADD9D7A00CDCF9C /* WebServiceLocation.swift */ = {isa = PBXFileReference; lastKnownFileType = sourcecode.swift; path = WebServiceLocation.swift; sourceTree = "<group>"; };
		BE3994AD2ADD9EF500CDCF9C /* WebServiceEpisode.swift */ = {isa = PBXFileReference; lastKnownFileType = sourcecode.swift; path = WebServiceEpisode.swift; sourceTree = "<group>"; };
		BE3994AF2ADDAB3B00CDCF9C /* WebServiceCharacterResponse.swift */ = {isa = PBXFileReference; lastKnownFileType = sourcecode.swift; path = WebServiceCharacterResponse.swift; sourceTree = "<group>"; };
		BE3994B52ADDD5B600CDCF9C /* Character.swift */ = {isa = PBXFileReference; lastKnownFileType = sourcecode.swift; path = Character.swift; sourceTree = "<group>"; };
		BE3994B82ADDD89600CDCF9C /* WebServiceLocationResponse.swift */ = {isa = PBXFileReference; lastKnownFileType = sourcecode.swift; path = WebServiceLocationResponse.swift; sourceTree = "<group>"; };
		BE3994BE2ADDDD9100CDCF9C /* Location.swift */ = {isa = PBXFileReference; lastKnownFileType = sourcecode.swift; path = Location.swift; sourceTree = "<group>"; };
		BE3994C02ADDDDAA00CDCF9C /* LocationsViewModel.swift */ = {isa = PBXFileReference; lastKnownFileType = sourcecode.swift; path = LocationsViewModel.swift; sourceTree = "<group>"; };
		BE3994C42ADDDDCF00CDCF9C /* LocationsView.swift */ = {isa = PBXFileReference; lastKnownFileType = sourcecode.swift; path = LocationsView.swift; sourceTree = "<group>"; };
		BE3994C62ADDE54400CDCF9C /* WebServiceEpisodeResponse.swift */ = {isa = PBXFileReference; lastKnownFileType = sourcecode.swift; path = WebServiceEpisodeResponse.swift; sourceTree = "<group>"; };
		BE3994CC2ADDE71500CDCF9C /* MainView.swift */ = {isa = PBXFileReference; lastKnownFileType = sourcecode.swift; path = MainView.swift; sourceTree = "<group>"; };
		BE3994CE2ADDEE2400CDCF9C /* Episode.swift */ = {isa = PBXFileReference; lastKnownFileType = sourcecode.swift; path = Episode.swift; sourceTree = "<group>"; };
/* End PBXFileReference section */

/* Begin PBXFrameworksBuildPhase section */
		BE39948A2ADD86D400CDCF9C /* Frameworks */ = {
			isa = PBXFrameworksBuildPhase;
			buildActionMask = 2147483647;
			files = (
			);
			runOnlyForDeploymentPostprocessing = 0;
		};
/* End PBXFrameworksBuildPhase section */

/* Begin PBXGroup section */
		BE3994842ADD86D400CDCF9C = {
			isa = PBXGroup;
			children = (
				BE39948F2ADD86D400CDCF9C /* rickAndMortySample */,
				BE39948E2ADD86D400CDCF9C /* Products */,
			);
			sourceTree = "<group>";
		};
		BE39948E2ADD86D400CDCF9C /* Products */ = {
			isa = PBXGroup;
			children = (
				BE39948D2ADD86D400CDCF9C /* rickAndMortySample.app */,
			);
			name = Products;
			sourceTree = "<group>";
		};
		BE39948F2ADD86D400CDCF9C /* rickAndMortySample */ = {
			isa = PBXGroup;
			children = (
				BE39949F2ADD86EA00CDCF9C /* Network */,
				BE39949E2ADD86E100CDCF9C /* Scenes */,
				BE3994902ADD86D400CDCF9C /* rickAndMortySampleApp.swift */,
				BE3994922ADD86D400CDCF9C /* ContentView.swift */,
				BE3994942ADD86D600CDCF9C /* Assets.xcassets */,
				BE3994962ADD86D600CDCF9C /* Preview Content */,
			);
			path = rickAndMortySample;
			sourceTree = "<group>";
		};
		BE3994962ADD86D600CDCF9C /* Preview Content */ = {
			isa = PBXGroup;
			children = (
				BE3994972ADD86D600CDCF9C /* Preview Assets.xcassets */,
			);
			path = "Preview Content";
			sourceTree = "<group>";
		};
		BE39949E2ADD86E100CDCF9C /* Scenes */ = {
			isa = PBXGroup;
			children = (
				BE3994C82ADDE6A800CDCF9C /* MainScene */,
				BE3994BA2ADDDD2000CDCF9C /* LocationsScene */,
				BE3994A02ADD8FE800CDCF9C /* HomeScene */,
			);
			path = Scenes;
			sourceTree = "<group>";
		};
		BE39949F2ADD86EA00CDCF9C /* Network */ = {
			isa = PBXGroup;
			children = (
				BE3994B32ADDD52A00CDCF9C /* WebServiceEpisode */,
				BE3994B22ADDD51B00CDCF9C /* WebServiceLocation */,
				BE3994B12ADDD50300CDCF9C /* WebServiceCharacter */,
			);
			path = Network;
			sourceTree = "<group>";
		};
		BE3994A02ADD8FE800CDCF9C /* HomeScene */ = {
			isa = PBXGroup;
			children = (
				BE3994A32ADD900C00CDCF9C /* Models */,
				BE3994A22ADD900000CDCF9C /* ViewModels */,
				BE3994A12ADD8FF500CDCF9C /* Views */,
			);
			path = HomeScene;
			sourceTree = "<group>";
		};
		BE3994A12ADD8FF500CDCF9C /* Views */ = {
			isa = PBXGroup;
			children = (
				BE3994A42ADD9B9300CDCF9C /* HomeView.swift */,
			);
			path = Views;
			sourceTree = "<group>";
		};
		BE3994A22ADD900000CDCF9C /* ViewModels */ = {
			isa = PBXGroup;
			children = (
				BE3994A62ADD9BBF00CDCF9C /* HomeViewModel.swift */,
			);
			path = ViewModels;
			sourceTree = "<group>";
		};
		BE3994A32ADD900C00CDCF9C /* Models */ = {
			isa = PBXGroup;
			children = (
				BE3994B52ADDD5B600CDCF9C /* Character.swift */,
				BE3994CE2ADDEE2400CDCF9C /* Episode.swift */,
			);
			path = Models;
			sourceTree = "<group>";
		};
		BE3994B12ADDD50300CDCF9C /* WebServiceCharacter */ = {
			isa = PBXGroup;
			children = (
				BE3994A92ADD9C7300CDCF9C /* WebServiceCharacter.swift */,
				BE3994AF2ADDAB3B00CDCF9C /* WebServiceCharacterResponse.swift */,
			);
			path = WebServiceCharacter;
			sourceTree = "<group>";
		};
		BE3994B22ADDD51B00CDCF9C /* WebServiceLocation */ = {
			isa = PBXGroup;
			children = (
				BE3994AB2ADD9D7A00CDCF9C /* WebServiceLocation.swift */,
				BE3994B82ADDD89600CDCF9C /* WebServiceLocationResponse.swift */,
			);
			path = WebServiceLocation;
			sourceTree = "<group>";
		};
		BE3994B32ADDD52A00CDCF9C /* WebServiceEpisode */ = {
			isa = PBXGroup;
			children = (
				BE3994AD2ADD9EF500CDCF9C /* WebServiceEpisode.swift */,
				BE3994C62ADDE54400CDCF9C /* WebServiceEpisodeResponse.swift */,
			);
			path = WebServiceEpisode;
			sourceTree = "<group>";
		};
		BE3994BA2ADDDD2000CDCF9C /* LocationsScene */ = {
			isa = PBXGroup;
			children = (
				BE3994BD2ADDDD4300CDCF9C /* Views */,
				BE3994BC2ADDDD3800CDCF9C /* ViewModels */,
				BE3994BB2ADDDD3100CDCF9C /* Models */,
			);
			path = LocationsScene;
			sourceTree = "<group>";
		};
		BE3994BB2ADDDD3100CDCF9C /* Models */ = {
			isa = PBXGroup;
			children = (
				BE3994BE2ADDDD9100CDCF9C /* Location.swift */,
			);
			path = Models;
			sourceTree = "<group>";
		};
		BE3994BC2ADDDD3800CDCF9C /* ViewModels */ = {
			isa = PBXGroup;
			children = (
				BE3994C02ADDDDAA00CDCF9C /* LocationsViewModel.swift */,
			);
			path = ViewModels;
			sourceTree = "<group>";
		};
		BE3994BD2ADDDD4300CDCF9C /* Views */ = {
			isa = PBXGroup;
			children = (
				BE3994C42ADDDDCF00CDCF9C /* LocationsView.swift */,
			);
			path = Views;
			sourceTree = "<group>";
		};
		BE3994C82ADDE6A800CDCF9C /* MainScene */ = {
			isa = PBXGroup;
			children = (
				BE3994CA2ADDE6BF00CDCF9C /* ViewModels */,
				BE3994C92ADDE6B600CDCF9C /* Views */,
			);
			path = MainScene;
			sourceTree = "<group>";
		};
		BE3994C92ADDE6B600CDCF9C /* Views */ = {
			isa = PBXGroup;
			children = (
				BE3994CC2ADDE71500CDCF9C /* MainView.swift */,
			);
			path = Views;
			sourceTree = "<group>";
		};
		BE3994CA2ADDE6BF00CDCF9C /* ViewModels */ = {
			isa = PBXGroup;
			children = (
			);
			path = ViewModels;
			sourceTree = "<group>";
		};
/* End PBXGroup section */

/* Begin PBXNativeTarget section */
		BE39948C2ADD86D400CDCF9C /* rickAndMortySample */ = {
			isa = PBXNativeTarget;
			buildConfigurationList = BE39949B2ADD86D600CDCF9C /* Build configuration list for PBXNativeTarget "rickAndMortySample" */;
			buildPhases = (
				BE3994892ADD86D400CDCF9C /* Sources */,
				BE39948A2ADD86D400CDCF9C /* Frameworks */,
				BE39948B2ADD86D400CDCF9C /* Resources */,
			);
			buildRules = (
			);
			dependencies = (
			);
			name = rickAndMortySample;
			productName = rickAndMortySample;
			productReference = BE39948D2ADD86D400CDCF9C /* rickAndMortySample.app */;
			productType = "com.apple.product-type.application";
		};
/* End PBXNativeTarget section */

/* Begin PBXProject section */
		BE3994852ADD86D400CDCF9C /* Project object */ = {
			isa = PBXProject;
			attributes = {
				BuildIndependentTargetsInParallel = 1;
				LastSwiftUpdateCheck = 1420;
				LastUpgradeCheck = 1420;
				TargetAttributes = {
					BE39948C2ADD86D400CDCF9C = {
						CreatedOnToolsVersion = 14.2;
					};
				};
			};
			buildConfigurationList = BE3994882ADD86D400CDCF9C /* Build configuration list for PBXProject "rickAndMortySample" */;
			compatibilityVersion = "Xcode 14.0";
			developmentRegion = en;
			hasScannedForEncodings = 0;
			knownRegions = (
				en,
				Base,
			);
			mainGroup = BE3994842ADD86D400CDCF9C;
			productRefGroup = BE39948E2ADD86D400CDCF9C /* Products */;
			projectDirPath = "";
			projectRoot = "";
			targets = (
				BE39948C2ADD86D400CDCF9C /* rickAndMortySample */,
			);
		};
/* End PBXProject section */

/* Begin PBXResourcesBuildPhase section */
		BE39948B2ADD86D400CDCF9C /* Resources */ = {
			isa = PBXResourcesBuildPhase;
			buildActionMask = 2147483647;
			files = (
				BE3994982ADD86D600CDCF9C /* Preview Assets.xcassets in Resources */,
				BE3994952ADD86D600CDCF9C /* Assets.xcassets in Resources */,
			);
			runOnlyForDeploymentPostprocessing = 0;
		};
/* End PBXResourcesBuildPhase section */

/* Begin PBXSourcesBuildPhase section */
		BE3994892ADD86D400CDCF9C /* Sources */ = {
			isa = PBXSourcesBuildPhase;
			buildActionMask = 2147483647;
			files = (
				BE3994B62ADDD5B600CDCF9C /* Character.swift in Sources */,
				BE3994CF2ADDEE2400CDCF9C /* Episode.swift in Sources */,
				BE3994BF2ADDDD9100CDCF9C /* Location.swift in Sources */,
				BE3994C52ADDDDCF00CDCF9C /* LocationsView.swift in Sources */,
				BE3994A52ADD9B9300CDCF9C /* HomeView.swift in Sources */,
				BE3994932ADD86D400CDCF9C /* ContentView.swift in Sources */,
				BE3994AA2ADD9C7300CDCF9C /* WebServiceCharacter.swift in Sources */,
				BE3994AC2ADD9D7A00CDCF9C /* WebServiceLocation.swift in Sources */,
				BE3994AE2ADD9EF500CDCF9C /* WebServiceEpisode.swift in Sources */,
				BE3994C12ADDDDAA00CDCF9C /* LocationsViewModel.swift in Sources */,
				BE3994C72ADDE54400CDCF9C /* WebServiceEpisodeResponse.swift in Sources */,
				BE3994B92ADDD89600CDCF9C /* WebServiceLocationResponse.swift in Sources */,
				BE3994912ADD86D400CDCF9C /* rickAndMortySampleApp.swift in Sources */,
				BE3994B02ADDAB3B00CDCF9C /* WebServiceCharacterResponse.swift in Sources */,
				BE3994CD2ADDE71500CDCF9C /* MainView.swift in Sources */,
				BE3994A72ADD9BBF00CDCF9C /* HomeViewModel.swift in Sources */,
			);
			runOnlyForDeploymentPostprocessing = 0;
		};
/* End PBXSourcesBuildPhase section */

/* Begin XCBuildConfiguration section */
		BE3994992ADD86D600CDCF9C /* Debug */ = {
			isa = XCBuildConfiguration;
			buildSettings = {
				ALWAYS_SEARCH_USER_PATHS = NO;
				CLANG_ANALYZER_NONNULL = YES;
				CLANG_ANALYZER_NUMBER_OBJECT_CONVERSION = YES_AGGRESSIVE;
				CLANG_CXX_LANGUAGE_STANDARD = "gnu++20";
				CLANG_ENABLE_MODULES = YES;
				CLANG_ENABLE_OBJC_ARC = YES;
				CLANG_ENABLE_OBJC_WEAK = YES;
				CLANG_WARN_BLOCK_CAPTURE_AUTORELEASING = YES;
				CLANG_WARN_BOOL_CONVERSION = YES;
				CLANG_WARN_COMMA = YES;
				CLANG_WARN_CONSTANT_CONVERSION = YES;
				CLANG_WARN_DEPRECATED_OBJC_IMPLEMENTATIONS = YES;
				CLANG_WARN_DIRECT_OBJC_ISA_USAGE = YES_ERROR;
				CLANG_WARN_DOCUMENTATION_COMMENTS = YES;
				CLANG_WARN_EMPTY_BODY = YES;
				CLANG_WARN_ENUM_CONVERSION = YES;
				CLANG_WARN_INFINITE_RECURSION = YES;
				CLANG_WARN_INT_CONVERSION = YES;
				CLANG_WARN_NON_LITERAL_NULL_CONVERSION = YES;
				CLANG_WARN_OBJC_IMPLICIT_RETAIN_SELF = YES;
				CLANG_WARN_OBJC_LITERAL_CONVERSION = YES;
				CLANG_WARN_OBJC_ROOT_CLASS = YES_ERROR;
				CLANG_WARN_QUOTED_INCLUDE_IN_FRAMEWORK_HEADER = YES;
				CLANG_WARN_RANGE_LOOP_ANALYSIS = YES;
				CLANG_WARN_STRICT_PROTOTYPES = YES;
				CLANG_WARN_SUSPICIOUS_MOVE = YES;
				CLANG_WARN_UNGUARDED_AVAILABILITY = YES_AGGRESSIVE;
				CLANG_WARN_UNREACHABLE_CODE = YES;
				CLANG_WARN__DUPLICATE_METHOD_MATCH = YES;
				COPY_PHASE_STRIP = NO;
				DEBUG_INFORMATION_FORMAT = dwarf;
				ENABLE_STRICT_OBJC_MSGSEND = YES;
				ENABLE_TESTABILITY = YES;
				GCC_C_LANGUAGE_STANDARD = gnu11;
				GCC_DYNAMIC_NO_PIC = NO;
				GCC_NO_COMMON_BLOCKS = YES;
				GCC_OPTIMIZATION_LEVEL = 0;
				GCC_PREPROCESSOR_DEFINITIONS = (
					"DEBUG=1",
					"$(inherited)",
				);
				GCC_WARN_64_TO_32_BIT_CONVERSION = YES;
				GCC_WARN_ABOUT_RETURN_TYPE = YES_ERROR;
				GCC_WARN_UNDECLARED_SELECTOR = YES;
				GCC_WARN_UNINITIALIZED_AUTOS = YES_AGGRESSIVE;
				GCC_WARN_UNUSED_FUNCTION = YES;
				GCC_WARN_UNUSED_VARIABLE = YES;
				IPHONEOS_DEPLOYMENT_TARGET = 16.2;
				MTL_ENABLE_DEBUG_INFO = INCLUDE_SOURCE;
				MTL_FAST_MATH = YES;
				ONLY_ACTIVE_ARCH = YES;
				SDKROOT = iphoneos;
				SWIFT_ACTIVE_COMPILATION_CONDITIONS = DEBUG;
				SWIFT_OPTIMIZATION_LEVEL = "-Onone";
			};
			name = Debug;
		};
		BE39949A2ADD86D600CDCF9C /* Release */ = {
			isa = XCBuildConfiguration;
			buildSettings = {
				ALWAYS_SEARCH_USER_PATHS = NO;
				CLANG_ANALYZER_NONNULL = YES;
				CLANG_ANALYZER_NUMBER_OBJECT_CONVERSION = YES_AGGRESSIVE;
				CLANG_CXX_LANGUAGE_STANDARD = "gnu++20";
				CLANG_ENABLE_MODULES = YES;
				CLANG_ENABLE_OBJC_ARC = YES;
				CLANG_ENABLE_OBJC_WEAK = YES;
				CLANG_WARN_BLOCK_CAPTURE_AUTORELEASING = YES;
				CLANG_WARN_BOOL_CONVERSION = YES;
				CLANG_WARN_COMMA = YES;
				CLANG_WARN_CONSTANT_CONVERSION = YES;
				CLANG_WARN_DEPRECATED_OBJC_IMPLEMENTATIONS = YES;
				CLANG_WARN_DIRECT_OBJC_ISA_USAGE = YES_ERROR;
				CLANG_WARN_DOCUMENTATION_COMMENTS = YES;
				CLANG_WARN_EMPTY_BODY = YES;
				CLANG_WARN_ENUM_CONVERSION = YES;
				CLANG_WARN_INFINITE_RECURSION = YES;
				CLANG_WARN_INT_CONVERSION = YES;
				CLANG_WARN_NON_LITERAL_NULL_CONVERSION = YES;
				CLANG_WARN_OBJC_IMPLICIT_RETAIN_SELF = YES;
				CLANG_WARN_OBJC_LITERAL_CONVERSION = YES;
				CLANG_WARN_OBJC_ROOT_CLASS = YES_ERROR;
				CLANG_WARN_QUOTED_INCLUDE_IN_FRAMEWORK_HEADER = YES;
				CLANG_WARN_RANGE_LOOP_ANALYSIS = YES;
				CLANG_WARN_STRICT_PROTOTYPES = YES;
				CLANG_WARN_SUSPICIOUS_MOVE = YES;
				CLANG_WARN_UNGUARDED_AVAILABILITY = YES_AGGRESSIVE;
				CLANG_WARN_UNREACHABLE_CODE = YES;
				CLANG_WARN__DUPLICATE_METHOD_MATCH = YES;
				COPY_PHASE_STRIP = NO;
				DEBUG_INFORMATION_FORMAT = "dwarf-with-dsym";
				ENABLE_NS_ASSERTIONS = NO;
				ENABLE_STRICT_OBJC_MSGSEND = YES;
				GCC_C_LANGUAGE_STANDARD = gnu11;
				GCC_NO_COMMON_BLOCKS = YES;
				GCC_WARN_64_TO_32_BIT_CONVERSION = YES;
				GCC_WARN_ABOUT_RETURN_TYPE = YES_ERROR;
				GCC_WARN_UNDECLARED_SELECTOR = YES;
				GCC_WARN_UNINITIALIZED_AUTOS = YES_AGGRESSIVE;
				GCC_WARN_UNUSED_FUNCTION = YES;
				GCC_WARN_UNUSED_VARIABLE = YES;
				IPHONEOS_DEPLOYMENT_TARGET = 16.2;
				MTL_ENABLE_DEBUG_INFO = NO;
				MTL_FAST_MATH = YES;
				SDKROOT = iphoneos;
				SWIFT_COMPILATION_MODE = wholemodule;
				SWIFT_OPTIMIZATION_LEVEL = "-O";
				VALIDATE_PRODUCT = YES;
			};
			name = Release;
		};
		BE39949C2ADD86D600CDCF9C /* Debug */ = {
			isa = XCBuildConfiguration;
			buildSettings = {
				ASSETCATALOG_COMPILER_APPICON_NAME = AppIcon;
				ASSETCATALOG_COMPILER_GLOBAL_ACCENT_COLOR_NAME = AccentColor;
				CODE_SIGN_STYLE = Automatic;
				CURRENT_PROJECT_VERSION = 1;
				DEVELOPMENT_ASSET_PATHS = "\"rickAndMortySample/Preview Content\"";
				DEVELOPMENT_TEAM = 5G3R99Q5BC;
				ENABLE_PREVIEWS = YES;
				GENERATE_INFOPLIST_FILE = YES;
				INFOPLIST_KEY_UIApplicationSceneManifest_Generation = YES;
				INFOPLIST_KEY_UIApplicationSupportsIndirectInputEvents = YES;
				INFOPLIST_KEY_UILaunchScreen_Generation = YES;
				INFOPLIST_KEY_UISupportedInterfaceOrientations_iPad = "UIInterfaceOrientationPortrait UIInterfaceOrientationPortraitUpsideDown UIInterfaceOrientationLandscapeLeft UIInterfaceOrientationLandscapeRight";
				INFOPLIST_KEY_UISupportedInterfaceOrientations_iPhone = "UIInterfaceOrientationPortrait UIInterfaceOrientationLandscapeLeft UIInterfaceOrientationLandscapeRight";
				LD_RUNPATH_SEARCH_PATHS = (
					"$(inherited)",
					"@executable_path/Frameworks",
				);
				MARKETING_VERSION = 1.0;
				PRODUCT_BUNDLE_IDENTIFIER = pe.edu.ulima.rickAndMortySample;
				PRODUCT_NAME = "$(TARGET_NAME)";
				SWIFT_EMIT_LOC_STRINGS = YES;
				SWIFT_VERSION = 5.0;
				TARGETED_DEVICE_FAMILY = "1,2";
			};
			name = Debug;
		};
		BE39949D2ADD86D600CDCF9C /* Release */ = {
			isa = XCBuildConfiguration;
			buildSettings = {
				ASSETCATALOG_COMPILER_APPICON_NAME = AppIcon;
				ASSETCATALOG_COMPILER_GLOBAL_ACCENT_COLOR_NAME = AccentColor;
				CODE_SIGN_STYLE = Automatic;
				CURRENT_PROJECT_VERSION = 1;
				DEVELOPMENT_ASSET_PATHS = "\"rickAndMortySample/Preview Content\"";
				DEVELOPMENT_TEAM = 5G3R99Q5BC;
				ENABLE_PREVIEWS = YES;
				GENERATE_INFOPLIST_FILE = YES;
				INFOPLIST_KEY_UIApplicationSceneManifest_Generation = YES;
				INFOPLIST_KEY_UIApplicationSupportsIndirectInputEvents = YES;
				INFOPLIST_KEY_UILaunchScreen_Generation = YES;
				INFOPLIST_KEY_UISupportedInterfaceOrientations_iPad = "UIInterfaceOrientationPortrait UIInterfaceOrientationPortraitUpsideDown UIInterfaceOrientationLandscapeLeft UIInterfaceOrientationLandscapeRight";
				INFOPLIST_KEY_UISupportedInterfaceOrientations_iPhone = "UIInterfaceOrientationPortrait UIInterfaceOrientationLandscapeLeft UIInterfaceOrientationLandscapeRight";
				LD_RUNPATH_SEARCH_PATHS = (
					"$(inherited)",
					"@executable_path/Frameworks",
				);
				MARKETING_VERSION = 1.0;
				PRODUCT_BUNDLE_IDENTIFIER = pe.edu.ulima.rickAndMortySample;
				PRODUCT_NAME = "$(TARGET_NAME)";
				SWIFT_EMIT_LOC_STRINGS = YES;
				SWIFT_VERSION = 5.0;
				TARGETED_DEVICE_FAMILY = "1,2";
			};
			name = Release;
		};
/* End XCBuildConfiguration section */

/* Begin XCConfigurationList section */
		BE3994882ADD86D400CDCF9C /* Build configuration list for PBXProject "rickAndMortySample" */ = {
			isa = XCConfigurationList;
			buildConfigurations = (
				BE3994992ADD86D600CDCF9C /* Debug */,
				BE39949A2ADD86D600CDCF9C /* Release */,
			);
			defaultConfigurationIsVisible = 0;
			defaultConfigurationName = Release;
		};
		BE39949B2ADD86D600CDCF9C /* Build configuration list for PBXNativeTarget "rickAndMortySample" */ = {
			isa = XCConfigurationList;
			buildConfigurations = (
				BE39949C2ADD86D600CDCF9C /* Debug */,
				BE39949D2ADD86D600CDCF9C /* Release */,
			);
			defaultConfigurationIsVisible = 0;
			defaultConfigurationName = Release;
		};
/* End XCConfigurationList section */
	};
	rootObject = BE3994852ADD86D400CDCF9C /* Project object */;
}
